<?xml version="1.0" encoding="utf-8"?>
<Project ToolsVersion="4.0" xmlns="http://schemas.microsoft.com/developer/msbuild/2003">
  <ItemGroup>
    <Filter Include="Source Files">
      <UniqueIdentifier>{4FC737F1-C7A5-4376-A066-2A32D752A2FF}</UniqueIdentifier>
      <Extensions>cpp;c;cc;cxx;c++;cppm;ixx;def;odl;idl;hpj;bat;asm;asmx</Extensions>
    </Filter>
    <Filter Include="Header Files">
      <UniqueIdentifier>{93995380-89BD-4b04-88EB-625FBE52EBFB}</UniqueIdentifier>
      <Extensions>h;hh;hpp;hxx;h++;hm;inl;inc;ipp;xsd</Extensions>
    </Filter>
    <Filter Include="Resource Files">
      <UniqueIdentifier>{67DA6AB6-F800-4c08-8B7A-83BB121AAD01}</UniqueIdentifier>
      <Extensions>rc;ico;cur;bmp;dlg;rc2;rct;bin;rgs;gif;jpg;jpeg;jpe;resx;tiff;tif;png;wav;mfcribbon-ms</Extensions>
    </Filter>
    <Filter Include="Header Files\API">
      <UniqueIdentifier>{a4cdc4df-c9ab-4ea3-94b6-e3d92f288244}</UniqueIdentifier>
    </Filter>
    <Filter Include="Header Files\API\Enums">
      <UniqueIdentifier>{7bce090f-1966-4fb2-909c-8271be169833}</UniqueIdentifier>
    </Filter>
    <Filter Include="Header Files\Utils">
      <UniqueIdentifier>{eeb0613f-34b5-4cdb-abf4-14377df0e2e0}</UniqueIdentifier>
    </Filter>
    <Filter Include="Source Files\Utils">
      <UniqueIdentifier>{d977f85d-4658-4701-9c57-851716ed8866}</UniqueIdentifier>
    </Filter>
    <Filter Include="Header Files\Board">
      <UniqueIdentifier>{ec17a5f8-e6be-4f28-9079-ee99c70d3844}</UniqueIdentifier>
    </Filter>
    <Filter Include="Source Files\Board">
      <UniqueIdentifier>{c38c42d6-1391-4fd7-a972-87a8b699de70}</UniqueIdentifier>
    </Filter>
    <Filter Include="Header Files\Node">
      <UniqueIdentifier>{699787a2-d1a7-478c-add2-b1c809f43eae}</UniqueIdentifier>
    </Filter>
    <Filter Include="Header Files\Player">
      <UniqueIdentifier>{760c6dec-f6aa-4da5-83bb-bb660abafdaf}</UniqueIdentifier>
    </Filter>
    <Filter Include="Header Files\Game">
      <UniqueIdentifier>{ef03cf98-0d2a-4a9a-a2b3-e796870d90f6}</UniqueIdentifier>
    </Filter>
    <Filter Include="Header Files\Commands">
      <UniqueIdentifier>{c33ccfa7-1d67-41e0-a81d-1ee84f3cc869}</UniqueIdentifier>
    </Filter>
    <Filter Include="Source Files\Node">
      <UniqueIdentifier>{c4714af6-b5d9-4f31-9f50-240d5097ae0c}</UniqueIdentifier>
    </Filter>
    <Filter Include="Source Files\Game">
      <UniqueIdentifier>{4bfaf936-f9ac-498f-9a2a-49f88bec2f51}</UniqueIdentifier>
    </Filter>
    <Filter Include="Source Files\Player">
      <UniqueIdentifier>{c18866a3-6987-4a22-ae44-b7bbf8628395}</UniqueIdentifier>
    </Filter>
    <Filter Include="Source Files\Commands">
      <UniqueIdentifier>{bb9df9b1-a9f5-43b1-b0a5-bc60f772b37e}</UniqueIdentifier>
    </Filter>
  </ItemGroup>
  <ItemGroup>
    <ClInclude Include="framework.h">
      <Filter>Header Files</Filter>
    </ClInclude>
    <ClInclude Include="pch.h">
      <Filter>Header Files</Filter>
    </ClInclude>
    <ClInclude Include="EBoardSize.h">
      <Filter>Header Files\API\Enums</Filter>
    </ClInclude>
    <ClInclude Include="EBoardType.h">
      <Filter>Header Files\API\Enums</Filter>
    </ClInclude>
    <ClInclude Include="EGameState.h">
      <Filter>Header Files\API\Enums</Filter>
    </ClInclude>
    <ClInclude Include="EPieceType.h">
      <Filter>Header Files\API\Enums</Filter>
    </ClInclude>
    <ClInclude Include="BoardConfig.h">
      <Filter>Header Files\API</Filter>
    </ClInclude>
    <ClInclude Include="BoardConfigurations.h">
      <Filter>Header Files\Utils</Filter>
    </ClInclude>
    <ClInclude Include="Constants.h">
      <Filter>Header Files\Utils</Filter>
    </ClInclude>
    <ClInclude Include="EnumStringMaker.h">
      <Filter>Header Files\Utils</Filter>
    </ClInclude>
    <ClInclude Include="FileManager.h">
      <Filter>Header Files\Utils</Filter>
    </ClInclude>
    <ClInclude Include="PiecesInformation.h">
      <Filter>Header Files\Utils</Filter>
    </ClInclude>
    <ClInclude Include="IGame.h">
      <Filter>Header Files\API</Filter>
    </ClInclude>
    <ClInclude Include="IGameListener.h">
      <Filter>Header Files\API</Filter>
    </ClInclude>
    <ClInclude Include="IGameConfig.h">
      <Filter>Header Files\API</Filter>
    </ClInclude>
    <ClInclude Include="Board.h">
      <Filter>Header Files\Board</Filter>
    </ClInclude>
    <ClInclude Include="BoardFactory.h">
      <Filter>Header Files\Board</Filter>
    </ClInclude>
    <ClInclude Include="DiagonalsBoard.h">
      <Filter>Header Files\Board</Filter>
    </ClInclude>
    <ClInclude Include="EBoardState.h">
      <Filter>Header Files\Board</Filter>
    </ClInclude>
    <ClInclude Include="IBoard.h">
      <Filter>Header Files\Board</Filter>
    </ClInclude>
    <ClInclude Include="IBoardLoader.h">
      <Filter>Header Files\Board</Filter>
    </ClInclude>
    <ClInclude Include="NormalBoard.h">
      <Filter>Header Files\Board</Filter>
    </ClInclude>
    <ClInclude Include="DiagonalsNode.h">
      <Filter>Header Files\Node</Filter>
    </ClInclude>
    <ClInclude Include="ENeighboursPosition.h">
      <Filter>Header Files\Node</Filter>
    </ClInclude>
    <ClInclude Include="INode.h">
      <Filter>Header Files\Node</Filter>
    </ClInclude>
    <ClInclude Include="Node.h">
      <Filter>Header Files\Node</Filter>
    </ClInclude>
    <ClInclude Include="NormalNode.h">
      <Filter>Header Files\Node</Filter>
    </ClInclude>
    <ClInclude Include="IPlayer.h">
      <Filter>Header Files\Player</Filter>
    </ClInclude>
    <ClInclude Include="Player.h">
      <Filter>Header Files\Player</Filter>
    </ClInclude>
    <ClInclude Include="PlayerConfig.h">
      <Filter>Header Files\Player</Filter>
    </ClInclude>
    <ClInclude Include="Game.h">
      <Filter>Header Files\Game</Filter>
    </ClInclude>
    <ClInclude Include="GameConfig.h">
      <Filter>Header Files\Game</Filter>
    </ClInclude>
    <ClInclude Include="Command.h">
      <Filter>Header Files\Commands</Filter>
    </ClInclude>
    <ClInclude Include="Move.h">
      <Filter>Header Files\Commands</Filter>
    </ClInclude>
    <ClInclude Include="Place.h">
      <Filter>Header Files\Commands</Filter>
    </ClInclude>
    <ClInclude Include="Remove.h">
      <Filter>Header Files\Commands</Filter>
    </ClInclude>
    <ClInclude Include="RemovePlayer.h">
      <Filter>Header Files\Commands</Filter>
    </ClInclude>
    <ClInclude Include="IComputerLevel.h">
      <Filter>Header Files\API</Filter>
    </ClInclude>
    <ClInclude Include="IBoardComputer.h">
      <Filter>Header Files\API</Filter>
    </ClInclude>
  </ItemGroup>
  <ItemGroup>
    <ClCompile Include="MoaraLogic.cpp">
      <Filter>Source Files</Filter>
    </ClCompile>
    <ClCompile Include="pch.cpp">
      <Filter>Source Files</Filter>
    </ClCompile>
    <ClCompile Include="FileManager.cpp">
      <Filter>Source Files\Utils</Filter>
    </ClCompile>
    <ClCompile Include="DiagonalsNode.cpp">
      <Filter>Source Files\Node</Filter>
    </ClCompile>
    <ClCompile Include="Node.cpp">
      <Filter>Source Files\Node</Filter>
    </ClCompile>
    <ClCompile Include="NormalNode.cpp">
      <Filter>Source Files\Node</Filter>
    </ClCompile>
    <ClCompile Include="Game.cpp">
      <Filter>Source Files\Game</Filter>
    </ClCompile>
    <ClCompile Include="Player.cpp">
      <Filter>Source Files\Player</Filter>
    </ClCompile>
    <ClCompile Include="Command.cpp">
      <Filter>Source Files\Commands</Filter>
    </ClCompile>
    <ClCompile Include="Move.cpp">
      <Filter>Source Files\Commands</Filter>
    </ClCompile>
    <ClCompile Include="Place.cpp">
      <Filter>Source Files\Commands</Filter>
    </ClCompile>
    <ClCompile Include="Remove.cpp">
      <Filter>Source Files\Commands</Filter>
    </ClCompile>
    <ClCompile Include="RemovePlayer.cpp">
      <Filter>Source Files\Commands</Filter>
    </ClCompile>
    <ClCompile Include="Board.cpp">
      <Filter>Source Files\Board</Filter>
    </ClCompile>
    <ClCompile Include="BoardFactory.cpp">
      <Filter>Source Files\Board</Filter>
    </ClCompile>
    <ClCompile Include="DiagonalsBoard.cpp">
      <Filter>Source Files\Board</Filter>
    </ClCompile>
    <ClCompile Include="NormalBoard.cpp">
      <Filter>Source Files\Board</Filter>
    </ClCompile>
  </ItemGroup>
</Project>